
Microsoft Visual Studio Solution File, Format Version 12.00
# Visual Studio Version 16
VisualStudioVersion = 25.0.1704.3
MinimumVisualStudioVersion = 10.0.40219.1
Project("{FAE04EC0-301F-11D3-BF4B-00C04F79EFBC}") = "BikeStore", "BikeStore.csproj", "{A0E7C06F-D660-462B-B81C-C2897B277E82}"
EndProject
Global
	GlobalSection(SolutionConfigurationPlatforms) = preSolution
		Debug|Any CPU = Debug|Any CPU
		Release|Any CPU = Release|Any CPU
	EndGlobalSection
	GlobalSection(ProjectConfigurationPlatforms) = postSolution
		{A0E7C06F-D660-462B-B81C-C2897B277E82}.Debug|Any CPU.ActiveCfg = Debug|Any CPU
		{A0E7C06F-D660-462B-B81C-C2897B277E82}.Debug|Any CPU.Build.0 = Debug|Any CPU
		{A0E7C06F-D660-462B-B81C-C2897B277E82}.Release|Any CPU.ActiveCfg = Release|Any CPU
		{A0E7C06F-D660-462B-B81C-C2897B277E82}.Release|Any CPU.Build.0 = Release|Any CPU
	EndGlobalSection
	GlobalSection(SolutionProperties) = preSolution
		HideSolutionNode = FALSE
	EndGlobalSection
	GlobalSection(ExtensibilityGlobals) = postSolution
		SolutionGuid = {C5580CDD-59A3-479A-9CDE-F8E1C2929F09}
	EndGlobalSection
EndGlobal
