
Microsoft Visual Studio Solution File, Format Version 12.00
# Visual Studio Version 17
VisualStudioVersion = 17.4.33213.308
MinimumVisualStudioVersion = 10.0.40219.1
Project("{FAE04EC0-301F-11D3-BF4B-00C04F79EFBC}") = "BikeLibrary", "BikeLibrary.csproj", "{8762BA87-D642-4471-85AD-00EEDBFCBF6E}"
EndProject
Global
	GlobalSection(SolutionConfigurationPlatforms) = preSolution
		Debug|Any CPU = Debug|Any CPU
		Release|Any CPU = Release|Any CPU
	EndGlobalSection
	GlobalSection(ProjectConfigurationPlatforms) = postSolution
		{8762BA87-D642-4471-85AD-00EEDBFCBF6E}.Debug|Any CPU.ActiveCfg = Debug|Any CPU
		{8762BA87-D642-4471-85AD-00EEDBFCBF6E}.Debug|Any CPU.Build.0 = Debug|Any CPU
		{8762BA87-D642-4471-85AD-00EEDBFCBF6E}.Release|Any CPU.ActiveCfg = Release|Any CPU
		{8762BA87-D642-4471-85AD-00EEDBFCBF6E}.Release|Any CPU.Build.0 = Release|Any CPU
	EndGlobalSection
	GlobalSection(SolutionProperties) = preSolution
		HideSolutionNode = FALSE
	EndGlobalSection
	GlobalSection(ExtensibilityGlobals) = postSolution
		SolutionGuid = {9C6CF25B-4D50-469B-9617-5C54CA00D665}
	EndGlobalSection
EndGlobal
