
Microsoft Visual Studio Solution File, Format Version 12.00
# Visual Studio Version 17
VisualStudioVersion = 17.4.33213.308
MinimumVisualStudioVersion = 10.0.40219.1
Project("{FAE04EC0-301F-11D3-BF4B-00C04F79EFBC}") = "UniverseBikeHome", "UniverseBikeHome.csproj", "{646D88E8-CAF3-4A84-B6EE-A110FF19B8C1}"
EndProject
Project("{FAE04EC0-301F-11D3-BF4B-00C04F79EFBC}") = "BikeLibrary", "..\BikeLibrary\BikeLibrary.csproj", "{8762BA87-D642-4471-85AD-00EEDBFCBF6E}"
EndProject
Project("{9A19103F-16F7-4668-BE54-9A1E7A4F7556}") = "BikeWebShop", "..\BikeWebShop\BikeWebShop.csproj", "{C616EDED-8837-491F-94FF-AD9835BA4BF7}"
EndProject
Global
	GlobalSection(SolutionConfigurationPlatforms) = preSolution
		Debug|Any CPU = Debug|Any CPU
		Release|Any CPU = Release|Any CPU
	EndGlobalSection
	GlobalSection(ProjectConfigurationPlatforms) = postSolution
		{646D88E8-CAF3-4A84-B6EE-A110FF19B8C1}.Debug|Any CPU.ActiveCfg = Debug|Any CPU
		{646D88E8-CAF3-4A84-B6EE-A110FF19B8C1}.Debug|Any CPU.Build.0 = Debug|Any CPU
		{646D88E8-CAF3-4A84-B6EE-A110FF19B8C1}.Release|Any CPU.ActiveCfg = Release|Any CPU
		{646D88E8-CAF3-4A84-B6EE-A110FF19B8C1}.Release|Any CPU.Build.0 = Release|Any CPU
		{8762BA87-D642-4471-85AD-00EEDBFCBF6E}.Debug|Any CPU.ActiveCfg = Debug|Any CPU
		{8762BA87-D642-4471-85AD-00EEDBFCBF6E}.Debug|Any CPU.Build.0 = Debug|Any CPU
		{8762BA87-D642-4471-85AD-00EEDBFCBF6E}.Release|Any CPU.ActiveCfg = Release|Any CPU
		{8762BA87-D642-4471-85AD-00EEDBFCBF6E}.Release|Any CPU.Build.0 = Release|Any CPU
		{C616EDED-8837-491F-94FF-AD9835BA4BF7}.Debug|Any CPU.ActiveCfg = Debug|Any CPU
		{C616EDED-8837-491F-94FF-AD9835BA4BF7}.Debug|Any CPU.Build.0 = Debug|Any CPU
		{C616EDED-8837-491F-94FF-AD9835BA4BF7}.Release|Any CPU.ActiveCfg = Release|Any CPU
		{C616EDED-8837-491F-94FF-AD9835BA4BF7}.Release|Any CPU.Build.0 = Release|Any CPU
	EndGlobalSection
	GlobalSection(SolutionProperties) = preSolution
		HideSolutionNode = FALSE
	EndGlobalSection
	GlobalSection(ExtensibilityGlobals) = postSolution
		SolutionGuid = {C329F1E3-E2DE-4BF4-ADFE-1B123200D6A3}
	EndGlobalSection
EndGlobal
